
Microsoft Visual Studio Solution File, Format Version 12.00
# Visual Studio 15
VisualStudioVersion = 15.0.26228.9
MinimumVisualStudioVersion = 10.0.40219.1
Project("{FAE04EC0-301F-11D3-BF4B-00C04F79EFBC}") = "0.01_Intro", "0.01_Intro\0.01_Intro.csproj", "{D0ACB28A-DE45-4959-9C63-D3EE9E065DB8}"
EndProject
Project("{FAE04EC0-301F-11D3-BF4B-00C04F79EFBC}") = "0.02_BasicTypes", "ConsoleApp2\0.02_BasicTypes.csproj", "{D6AA47EB-F166-4CDE-BE8D-357D4AA40289}"
EndProject
Project("{FAE04EC0-301F-11D3-BF4B-00C04F79EFBC}") = "0.02_BasicTypes Challenges", "ConsoleApp3\0.02_BasicTypes Challenges.csproj", "{4003C0C3-907A-48A5-96F6-41E4097A0BC0}"
EndProject
Project("{FAE04EC0-301F-11D3-BF4B-00C04F79EFBC}") = "0.03_Strings", "ConsoleApp4\0.03_Strings.csproj", "{5EC33EDA-0FAA-4913-AC6C-C1B991F9EB5C}"
EndProject
Project("{FAE04EC0-301F-11D3-BF4B-00C04F79EFBC}") = "0.04_Conditionals", "ConsoleApp5\0.04_Conditionals.csproj", "{C5DE6048-35A5-43F6-97C9-8EB07E6BCA41}"
EndProject
Project("{FAE04EC0-301F-11D3-BF4B-00C04F79EFBC}") = "0.04_if_else", "ConsoleApp6\0.04_if_else.csproj", "{CF427AE4-0BBA-418D-B37B-5CFD04417F9C}"
EndProject
Project("{FAE04EC0-301F-11D3-BF4B-00C04F79EFBC}") = "0.04_Conditional_else_if", "ConsoleApp7\0.04_Conditional_else_if.csproj", "{9388F60A-8908-4A2E-AA14-19B99A34260D}"
EndProject
Project("{FAE04EC0-301F-11D3-BF4B-00C04F79EFBC}") = "0.04_conditionals_readline", "ConsoleApp8\0.04_conditionals_readline.csproj", "{D2DD153A-0201-4F98-96C9-B6EEFE2E6D63}"
EndProject
Global
	GlobalSection(SolutionConfigurationPlatforms) = preSolution
		Debug|Any CPU = Debug|Any CPU
		Release|Any CPU = Release|Any CPU
	EndGlobalSection
	GlobalSection(ProjectConfigurationPlatforms) = postSolution
		{D0ACB28A-DE45-4959-9C63-D3EE9E065DB8}.Debug|Any CPU.ActiveCfg = Debug|Any CPU
		{D0ACB28A-DE45-4959-9C63-D3EE9E065DB8}.Debug|Any CPU.Build.0 = Debug|Any CPU
		{D0ACB28A-DE45-4959-9C63-D3EE9E065DB8}.Release|Any CPU.ActiveCfg = Release|Any CPU
		{D0ACB28A-DE45-4959-9C63-D3EE9E065DB8}.Release|Any CPU.Build.0 = Release|Any CPU
		{D6AA47EB-F166-4CDE-BE8D-357D4AA40289}.Debug|Any CPU.ActiveCfg = Debug|Any CPU
		{D6AA47EB-F166-4CDE-BE8D-357D4AA40289}.Debug|Any CPU.Build.0 = Debug|Any CPU
		{D6AA47EB-F166-4CDE-BE8D-357D4AA40289}.Release|Any CPU.ActiveCfg = Release|Any CPU
		{D6AA47EB-F166-4CDE-BE8D-357D4AA40289}.Release|Any CPU.Build.0 = Release|Any CPU
		{4003C0C3-907A-48A5-96F6-41E4097A0BC0}.Debug|Any CPU.ActiveCfg = Debug|Any CPU
		{4003C0C3-907A-48A5-96F6-41E4097A0BC0}.Debug|Any CPU.Build.0 = Debug|Any CPU
		{4003C0C3-907A-48A5-96F6-41E4097A0BC0}.Release|Any CPU.ActiveCfg = Release|Any CPU
		{4003C0C3-907A-48A5-96F6-41E4097A0BC0}.Release|Any CPU.Build.0 = Release|Any CPU
		{5EC33EDA-0FAA-4913-AC6C-C1B991F9EB5C}.Debug|Any CPU.ActiveCfg = Debug|Any CPU
		{5EC33EDA-0FAA-4913-AC6C-C1B991F9EB5C}.Debug|Any CPU.Build.0 = Debug|Any CPU
		{5EC33EDA-0FAA-4913-AC6C-C1B991F9EB5C}.Release|Any CPU.ActiveCfg = Release|Any CPU
		{5EC33EDA-0FAA-4913-AC6C-C1B991F9EB5C}.Release|Any CPU.Build.0 = Release|Any CPU
		{C5DE6048-35A5-43F6-97C9-8EB07E6BCA41}.Debug|Any CPU.ActiveCfg = Debug|Any CPU
		{C5DE6048-35A5-43F6-97C9-8EB07E6BCA41}.Debug|Any CPU.Build.0 = Debug|Any CPU
		{C5DE6048-35A5-43F6-97C9-8EB07E6BCA41}.Release|Any CPU.ActiveCfg = Release|Any CPU
		{C5DE6048-35A5-43F6-97C9-8EB07E6BCA41}.Release|Any CPU.Build.0 = Release|Any CPU
		{CF427AE4-0BBA-418D-B37B-5CFD04417F9C}.Debug|Any CPU.ActiveCfg = Debug|Any CPU
		{CF427AE4-0BBA-418D-B37B-5CFD04417F9C}.Debug|Any CPU.Build.0 = Debug|Any CPU
		{CF427AE4-0BBA-418D-B37B-5CFD04417F9C}.Release|Any CPU.ActiveCfg = Release|Any CPU
		{CF427AE4-0BBA-418D-B37B-5CFD04417F9C}.Release|Any CPU.Build.0 = Release|Any CPU
		{9388F60A-8908-4A2E-AA14-19B99A34260D}.Debug|Any CPU.ActiveCfg = Debug|Any CPU
		{9388F60A-8908-4A2E-AA14-19B99A34260D}.Debug|Any CPU.Build.0 = Debug|Any CPU
		{9388F60A-8908-4A2E-AA14-19B99A34260D}.Release|Any CPU.ActiveCfg = Release|Any CPU
		{9388F60A-8908-4A2E-AA14-19B99A34260D}.Release|Any CPU.Build.0 = Release|Any CPU
		{D2DD153A-0201-4F98-96C9-B6EEFE2E6D63}.Debug|Any CPU.ActiveCfg = Debug|Any CPU
		{D2DD153A-0201-4F98-96C9-B6EEFE2E6D63}.Debug|Any CPU.Build.0 = Debug|Any CPU
		{D2DD153A-0201-4F98-96C9-B6EEFE2E6D63}.Release|Any CPU.ActiveCfg = Release|Any CPU
		{D2DD153A-0201-4F98-96C9-B6EEFE2E6D63}.Release|Any CPU.Build.0 = Release|Any CPU
	EndGlobalSection
	GlobalSection(SolutionProperties) = preSolution
		HideSolutionNode = FALSE
	EndGlobalSection
EndGlobal
